
Microsoft Visual Studio Solution File, Format Version 12.00
# Visual Studio Version 17
VisualStudioVersion = 17.14.35821.62 d17.14
MinimumVisualStudioVersion = 10.0.40219.1
Project("{FAE04EC0-301F-11D3-BF4B-00C04F79EFBC}") = "M450_FileSorter", "M450_FileSorter\M450_FileSorter.csproj", "{CAF10475-5B7B-4806-BE3E-E9858591C5B9}"
EndProject
Project("{FAE04EC0-301F-11D3-BF4B-00C04F79EFBC}") = "M450_FileSorter.Tests", "M450_FileSorter.Tests\M450_FileSorter.Tests.csproj", "{FDE2769B-DF9E-4CE7-AE3A-AD92E82F61D3}"
EndProject
Global
	GlobalSection(SolutionConfigurationPlatforms) = preSolution
		Debug|Any CPU = Debug|Any CPU
		Release|Any CPU = Release|Any CPU
	EndGlobalSection
	GlobalSection(ProjectConfigurationPlatforms) = postSolution
		{CAF10475-5B7B-4806-BE3E-E9858591C5B9}.Debug|Any CPU.ActiveCfg = Debug|Any CPU
		{CAF10475-5B7B-4806-BE3E-E9858591C5B9}.Debug|Any CPU.Build.0 = Debug|Any CPU
		{CAF10475-5B7B-4806-BE3E-E9858591C5B9}.Release|Any CPU.ActiveCfg = Release|Any CPU
		{CAF10475-5B7B-4806-BE3E-E9858591C5B9}.Release|Any CPU.Build.0 = Release|Any CPU
		{FDE2769B-DF9E-4CE7-AE3A-AD92E82F61D3}.Debug|Any CPU.ActiveCfg = Debug|Any CPU
		{FDE2769B-DF9E-4CE7-AE3A-AD92E82F61D3}.Debug|Any CPU.Build.0 = Debug|Any CPU
		{FDE2769B-DF9E-4CE7-AE3A-AD92E82F61D3}.Release|Any CPU.ActiveCfg = Release|Any CPU
		{FDE2769B-DF9E-4CE7-AE3A-AD92E82F61D3}.Release|Any CPU.Build.0 = Release|Any CPU
	EndGlobalSection
	GlobalSection(SolutionProperties) = preSolution
		HideSolutionNode = FALSE
	EndGlobalSection
	GlobalSection(ExtensibilityGlobals) = postSolution
		SolutionGuid = {3CD86A8F-8B31-4A07-99F0-16DC158D75C3}
	EndGlobalSection
EndGlobal
